
Microsoft Visual Studio Solution File, Format Version 12.00
Project("{FAE04EC0-301F-11D3-BF4B-00C04F79EFBC}") = "RigMagAPI", "RigMagAPI\RigMagAPI.csproj", "{881696B1-762D-467E-ACC8-6EBA6517B979}"
EndProject
Project("{2150E333-8FDC-42A3-9474-1A3956D46DE8}") = "Core", "Core", "{45BC7852-4BF3-46F7-90CF-99456A3C3232}"
EndProject
Project("{FAE04EC0-301F-11D3-BF4B-00C04F79EFBC}") = "Data", "Data\Data.csproj", "{6BBABD39-CA26-4D89-94BF-32B88829C693}"
EndProject
Project("{FAE04EC0-301F-11D3-BF4B-00C04F79EFBC}") = "Repository", "Repository\Repository.csproj", "{54E158A9-3F32-4E7D-8B45-7C8ED87A88AF}"
EndProject
Project("{FAE04EC0-301F-11D3-BF4B-00C04F79EFBC}") = "ApplicationService", "ApplicationService\ApplicationService.csproj", "{74FEA912-70E9-4C70-89A7-53EED3672560}"
EndProject
Project("{2150E333-8FDC-42A3-9474-1A3956D46DE8}") = "Presentation", "Presentation", "{0906B25A-D628-415F-A4F3-623165BFCA66}"
EndProject
Project("{2150E333-8FDC-42A3-9474-1A3956D46DE8}") = "API", "API", "{6435DD07-BDBD-4445-ACF6-CBE70F8C835E}"
EndProject
Project("{2150E333-8FDC-42A3-9474-1A3956D46DE8}") = "Consumer", "Consumer", "{6EB7A7AC-942A-4556-99C9-B4FD5E7893CB}"
EndProject
Project("{2150E333-8FDC-42A3-9474-1A3956D46DE8}") = "Core", "Core", "{8D717082-E2FD-496B-BE26-A6773F40AE76}"
EndProject
Project("{2150E333-8FDC-42A3-9474-1A3956D46DE8}") = "Presentation", "Presentation", "{F1670726-A99D-47A0-BC1E-1DE3F2F6FB4B}"
EndProject
Project("{FAE04EC0-301F-11D3-BF4B-00C04F79EFBC}") = "ConsumerApplicationService", "ConsumerApplicationService\ConsumerApplicationService.csproj", "{48B787AB-F51A-4B77-8494-4790AA0C7A10}"
EndProject
Project("{FAE04EC0-301F-11D3-BF4B-00C04F79EFBC}") = "RigMag", "RigMag\RigMag.csproj", "{B3BC3419-B573-4FDE-BF9E-1D6F3A16356C}"
EndProject
Global
	GlobalSection(SolutionConfigurationPlatforms) = preSolution
		Debug|Any CPU = Debug|Any CPU
		Release|Any CPU = Release|Any CPU
	EndGlobalSection
	GlobalSection(ProjectConfigurationPlatforms) = postSolution
		{881696B1-762D-467E-ACC8-6EBA6517B979}.Debug|Any CPU.ActiveCfg = Debug|Any CPU
		{881696B1-762D-467E-ACC8-6EBA6517B979}.Debug|Any CPU.Build.0 = Debug|Any CPU
		{881696B1-762D-467E-ACC8-6EBA6517B979}.Release|Any CPU.ActiveCfg = Release|Any CPU
		{881696B1-762D-467E-ACC8-6EBA6517B979}.Release|Any CPU.Build.0 = Release|Any CPU
		{6BBABD39-CA26-4D89-94BF-32B88829C693}.Debug|Any CPU.ActiveCfg = Debug|Any CPU
		{6BBABD39-CA26-4D89-94BF-32B88829C693}.Debug|Any CPU.Build.0 = Debug|Any CPU
		{6BBABD39-CA26-4D89-94BF-32B88829C693}.Release|Any CPU.ActiveCfg = Release|Any CPU
		{6BBABD39-CA26-4D89-94BF-32B88829C693}.Release|Any CPU.Build.0 = Release|Any CPU
		{54E158A9-3F32-4E7D-8B45-7C8ED87A88AF}.Debug|Any CPU.ActiveCfg = Debug|Any CPU
		{54E158A9-3F32-4E7D-8B45-7C8ED87A88AF}.Debug|Any CPU.Build.0 = Debug|Any CPU
		{54E158A9-3F32-4E7D-8B45-7C8ED87A88AF}.Release|Any CPU.ActiveCfg = Release|Any CPU
		{54E158A9-3F32-4E7D-8B45-7C8ED87A88AF}.Release|Any CPU.Build.0 = Release|Any CPU
		{74FEA912-70E9-4C70-89A7-53EED3672560}.Debug|Any CPU.ActiveCfg = Debug|Any CPU
		{74FEA912-70E9-4C70-89A7-53EED3672560}.Debug|Any CPU.Build.0 = Debug|Any CPU
		{74FEA912-70E9-4C70-89A7-53EED3672560}.Release|Any CPU.ActiveCfg = Release|Any CPU
		{74FEA912-70E9-4C70-89A7-53EED3672560}.Release|Any CPU.Build.0 = Release|Any CPU
		{48B787AB-F51A-4B77-8494-4790AA0C7A10}.Debug|Any CPU.ActiveCfg = Debug|Any CPU
		{48B787AB-F51A-4B77-8494-4790AA0C7A10}.Debug|Any CPU.Build.0 = Debug|Any CPU
		{48B787AB-F51A-4B77-8494-4790AA0C7A10}.Release|Any CPU.ActiveCfg = Release|Any CPU
		{48B787AB-F51A-4B77-8494-4790AA0C7A10}.Release|Any CPU.Build.0 = Release|Any CPU
		{B3BC3419-B573-4FDE-BF9E-1D6F3A16356C}.Debug|Any CPU.ActiveCfg = Debug|Any CPU
		{B3BC3419-B573-4FDE-BF9E-1D6F3A16356C}.Debug|Any CPU.Build.0 = Debug|Any CPU
		{B3BC3419-B573-4FDE-BF9E-1D6F3A16356C}.Release|Any CPU.ActiveCfg = Release|Any CPU
		{B3BC3419-B573-4FDE-BF9E-1D6F3A16356C}.Release|Any CPU.Build.0 = Release|Any CPU
	EndGlobalSection
	GlobalSection(NestedProjects) = preSolution
		{6BBABD39-CA26-4D89-94BF-32B88829C693} = {45BC7852-4BF3-46F7-90CF-99456A3C3232}
		{54E158A9-3F32-4E7D-8B45-7C8ED87A88AF} = {45BC7852-4BF3-46F7-90CF-99456A3C3232}
		{74FEA912-70E9-4C70-89A7-53EED3672560} = {45BC7852-4BF3-46F7-90CF-99456A3C3232}
		{881696B1-762D-467E-ACC8-6EBA6517B979} = {0906B25A-D628-415F-A4F3-623165BFCA66}
		{45BC7852-4BF3-46F7-90CF-99456A3C3232} = {6435DD07-BDBD-4445-ACF6-CBE70F8C835E}
		{0906B25A-D628-415F-A4F3-623165BFCA66} = {6435DD07-BDBD-4445-ACF6-CBE70F8C835E}
		{8D717082-E2FD-496B-BE26-A6773F40AE76} = {6EB7A7AC-942A-4556-99C9-B4FD5E7893CB}
		{F1670726-A99D-47A0-BC1E-1DE3F2F6FB4B} = {6EB7A7AC-942A-4556-99C9-B4FD5E7893CB}
		{48B787AB-F51A-4B77-8494-4790AA0C7A10} = {8D717082-E2FD-496B-BE26-A6773F40AE76}
		{B3BC3419-B573-4FDE-BF9E-1D6F3A16356C} = {F1670726-A99D-47A0-BC1E-1DE3F2F6FB4B}
	EndGlobalSection
EndGlobal
